// !$*UTF8*$!
{
	archiveVersion = 1;
	classes = {
	};
	objectVersion = 46;
	objects = {

/* Begin PBXBuildFile section */
		043739D41ECAD91500443C95 /* Start Blue Btn.png in Resources */ = {isa = PBXBuildFile; fileRef = 043739D11ECAD91500443C95 /* Start Blue Btn.png */; };
		043739D51ECAD91500443C95 /* Start Blue Btn@2x.png in Resources */ = {isa = PBXBuildFile; fileRef = 043739D21ECAD91500443C95 /* Start Blue Btn@2x.png */; };
		043739D61ECAD91500443C95 /* Start Blue Btn@3x.png in Resources */ = {isa = PBXBuildFile; fileRef = 043739D31ECAD91500443C95 /* Start Blue Btn@3x.png */; };
		043739DA1ECAD92600443C95 /* Go Red Btn.png in Resources */ = {isa = PBXBuildFile; fileRef = 043739D71ECAD92600443C95 /* Go Red Btn.png */; };
		043739DB1ECAD92600443C95 /* Go Red Btn@2x.png in Resources */ = {isa = PBXBuildFile; fileRef = 043739D81ECAD92600443C95 /* Go Red Btn@2x.png */; };
		043739DC1ECAD92600443C95 /* Go Red Btn@3x.png in Resources */ = {isa = PBXBuildFile; fileRef = 043739D91ECAD92600443C95 /* Go Red Btn@3x.png */; };
		046AB12E1EC8EC95009AC07F /* graybg@1x.png in Resources */ = {isa = PBXBuildFile; fileRef = 046AB12B1EC8EC95009AC07F /* graybg@1x.png */; };
		046AB12F1EC8EC95009AC07F /* graybg@2x.png in Resources */ = {isa = PBXBuildFile; fileRef = 046AB12C1EC8EC95009AC07F /* graybg@2x.png */; };
		046AB1301EC8EC95009AC07F /* graybg@3x.png in Resources */ = {isa = PBXBuildFile; fileRef = 046AB12D1EC8EC95009AC07F /* graybg@3x.png */; };
		046AB1321EC8F420009AC07F /* SavedRecViewController.swift in Sources */ = {isa = PBXBuildFile; fileRef = 046AB1311EC8F420009AC07F /* SavedRecViewController.swift */; };
		046AB1341EC8FBD2009AC07F /* RecordTableViewCell.swift in Sources */ = {isa = PBXBuildFile; fileRef = 046AB1331EC8FBD2009AC07F /* RecordTableViewCell.swift */; };
		046AB1381EC93529009AC07F /* Delete Button.png in Resources */ = {isa = PBXBuildFile; fileRef = 046AB1351EC93529009AC07F /* Delete Button.png */; };
		046AB1391EC93529009AC07F /* Delete Button@2x.png in Resources */ = {isa = PBXBuildFile; fileRef = 046AB1361EC93529009AC07F /* Delete Button@2x.png */; };
		046AB13A1EC93529009AC07F /* Delete Button@3x.png in Resources */ = {isa = PBXBuildFile; fileRef = 046AB1371EC93529009AC07F /* Delete Button@3x.png */; };
		046AB13E1EC94865009AC07F /* Light Blue Play Record Btn.png in Resources */ = {isa = PBXBuildFile; fileRef = 046AB13B1EC94865009AC07F /* Light Blue Play Record Btn.png */; };
		046AB13F1EC94865009AC07F /* Light Blue Play Record Btn@2x.png in Resources */ = {isa = PBXBuildFile; fileRef = 046AB13C1EC94865009AC07F /* Light Blue Play Record Btn@2x.png */; };
		046AB1401EC94865009AC07F /* Light Blue Play Record Btn@3x.png in Resources */ = {isa = PBXBuildFile; fileRef = 046AB13D1EC94865009AC07F /* Light Blue Play Record Btn@3x.png */; };
		046AB1421EC949B1009AC07F /* PlayerViewController.swift in Sources */ = {isa = PBXBuildFile; fileRef = 046AB1411EC949B1009AC07F /* PlayerViewController.swift */; };
		046AB1441ECA5BF3009AC07F /* PlayAndSaveViewController.swift in Sources */ = {isa = PBXBuildFile; fileRef = 046AB1431ECA5BF3009AC07F /* PlayAndSaveViewController.swift */; };
		049637621ECC328800A284A5 /* Close Btn.png in Resources */ = {isa = PBXBuildFile; fileRef = 0496375F1ECC328800A284A5 /* Close Btn.png */; };
		049637631ECC328800A284A5 /* Close Btn@2x.png in Resources */ = {isa = PBXBuildFile; fileRef = 049637601ECC328800A284A5 /* Close Btn@2x.png */; };
		049637641ECC328800A284A5 /* Close Btn@3x.png in Resources */ = {isa = PBXBuildFile; fileRef = 049637611ECC328800A284A5 /* Close Btn@3x.png */; };
		049637681ECC32BF00A284A5 /* Hint View@1x.png in Resources */ = {isa = PBXBuildFile; fileRef = 049637651ECC32BF00A284A5 /* Hint View@1x.png */; };
		049637691ECC32BF00A284A5 /* Hint View@2x.png in Resources */ = {isa = PBXBuildFile; fileRef = 049637661ECC32BF00A284A5 /* Hint View@2x.png */; };
		0496376A1ECC32BF00A284A5 /* Hint View@3x.png in Resources */ = {isa = PBXBuildFile; fileRef = 049637671ECC32BF00A284A5 /* Hint View@3x.png */; };
		0496376E1ECC330B00A284A5 /* Hint View@1x.png in Resources */ = {isa = PBXBuildFile; fileRef = 0496376B1ECC330B00A284A5 /* Hint View@1x.png */; };
		0496376F1ECC330B00A284A5 /* Hint View@2x.png in Resources */ = {isa = PBXBuildFile; fileRef = 0496376C1ECC330B00A284A5 /* Hint View@2x.png */; };
		049637701ECC330B00A284A5 /* Hint View@3x.png in Resources */ = {isa = PBXBuildFile; fileRef = 0496376D1ECC330B00A284A5 /* Hint View@3x.png */; };
		049637721ECC348600A284A5 /* HintPopupViewController.swift in Sources */ = {isa = PBXBuildFile; fileRef = 049637711ECC348600A284A5 /* HintPopupViewController.swift */; };
		049637781ECE426600A284A5 /* Timer Btn.png in Resources */ = {isa = PBXBuildFile; fileRef = 049637751ECE426600A284A5 /* Timer Btn.png */; };
		049637791ECE426600A284A5 /* Timer Btn@2x.png in Resources */ = {isa = PBXBuildFile; fileRef = 049637761ECE426600A284A5 /* Timer Btn@2x.png */; };
		0496377A1ECE426600A284A5 /* Timer Btn@3x.png in Resources */ = {isa = PBXBuildFile; fileRef = 049637771ECE426600A284A5 /* Timer Btn@3x.png */; };
		0496377E1ECE480200A284A5 /* Light Blue Timer Btn.png in Resources */ = {isa = PBXBuildFile; fileRef = 0496377B1ECE480200A284A5 /* Light Blue Timer Btn.png */; };
		0496377F1ECE480200A284A5 /* Light Blue Timer Btn@2x.png in Resources */ = {isa = PBXBuildFile; fileRef = 0496377C1ECE480200A284A5 /* Light Blue Timer Btn@2x.png */; };
		049637801ECE480200A284A5 /* Light Blue Timer Btn@3x.png in Resources */ = {isa = PBXBuildFile; fileRef = 0496377D1ECE480200A284A5 /* Light Blue Timer Btn@3x.png */; };
		049637821ECE482500A284A5 /* TimerViewController.swift in Sources */ = {isa = PBXBuildFile; fileRef = 049637811ECE482500A284A5 /* TimerViewController.swift */; };
		04B7D9681EC7D28B000CB90A /* br1@1x.png in Resources */ = {isa = PBXBuildFile; fileRef = 04B7D9591EC7D28B000CB90A /* br1@1x.png */; };
		04B7D9691EC7D28B000CB90A /* br1@2x.png in Resources */ = {isa = PBXBuildFile; fileRef = 04B7D95A1EC7D28B000CB90A /* br1@2x.png */; };
		04B7D96A1EC7D28B000CB90A /* br1@3x.png in Resources */ = {isa = PBXBuildFile; fileRef = 04B7D95B1EC7D28B000CB90A /* br1@3x.png */; };
		04B7D96B1EC7D28B000CB90A /* Logo Lg@1x.png in Resources */ = {isa = PBXBuildFile; fileRef = 04B7D95C1EC7D28B000CB90A /* Logo Lg@1x.png */; };
		04B7D96C1EC7D28B000CB90A /* Logo Lg@2x.png in Resources */ = {isa = PBXBuildFile; fileRef = 04B7D95D1EC7D28B000CB90A /* Logo Lg@2x.png */; };
		04B7D96D1EC7D28B000CB90A /* Logo Lg@3x.png in Resources */ = {isa = PBXBuildFile; fileRef = 04B7D95E1EC7D28B000CB90A /* Logo Lg@3x.png */; };
		04B7D99B1EC7D673000CB90A /* Back Top Btn@1x.png in Resources */ = {isa = PBXBuildFile; fileRef = 04B7D9771EC7D673000CB90A /* Back Top Btn@1x.png */; };
		04B7D99C1EC7D673000CB90A /* Back Top Btn@2x.png in Resources */ = {isa = PBXBuildFile; fileRef = 04B7D9781EC7D673000CB90A /* Back Top Btn@2x.png */; };
		04B7D99D1EC7D673000CB90A /* Back Top Btn@3x.png in Resources */ = {isa = PBXBuildFile; fileRef = 04B7D9791EC7D673000CB90A /* Back Top Btn@3x.png */; };
		04B7D99E1EC7D673000CB90A /* Hint Btn.png in Resources */ = {isa = PBXBuildFile; fileRef = 04B7D97A1EC7D673000CB90A /* Hint Btn.png */; };
		04B7D99F1EC7D673000CB90A /* Hint Btn@2x.png in Resources */ = {isa = PBXBuildFile; fileRef = 04B7D97B1EC7D673000CB90A /* Hint Btn@2x.png */; };
		04B7D9A01EC7D673000CB90A /* Hint Btn@3x.png in Resources */ = {isa = PBXBuildFile; fileRef = 04B7D97C1EC7D673000CB90A /* Hint Btn@3x.png */; };
		04B7D9A11EC7D673000CB90A /* Logo Sm.png in Resources */ = {isa = PBXBuildFile; fileRef = 04B7D97D1EC7D673000CB90A /* Logo Sm.png */; };
		04B7D9A21EC7D673000CB90A /* Logo Sm@2x.png in Resources */ = {isa = PBXBuildFile; fileRef = 04B7D97E1EC7D673000CB90A /* Logo Sm@2x.png */; };
		04B7D9A31EC7D673000CB90A /* Logo Sm@3x.png in Resources */ = {isa = PBXBuildFile; fileRef = 04B7D97F1EC7D673000CB90A /* Logo Sm@3x.png */; };
		04B7D9A41EC7D673000CB90A /* Next Topic Btn.png in Resources */ = {isa = PBXBuildFile; fileRef = 04B7D9801EC7D673000CB90A /* Next Topic Btn.png */; };
		04B7D9A51EC7D673000CB90A /* Next Topic Btn@2x.png in Resources */ = {isa = PBXBuildFile; fileRef = 04B7D9811EC7D673000CB90A /* Next Topic Btn@2x.png */; };
		04B7D9A61EC7D673000CB90A /* Next Topic Btn@3x.png in Resources */ = {isa = PBXBuildFile; fileRef = 04B7D9821EC7D673000CB90A /* Next Topic Btn@3x.png */; };
		04B7D9A71EC7D673000CB90A /* Preferences Top Btn.png in Resources */ = {isa = PBXBuildFile; fileRef = 04B7D9831EC7D673000CB90A /* Preferences Top Btn.png */; };
		04B7D9A81EC7D673000CB90A /* Preferences Top Btn@2x.png in Resources */ = {isa = PBXBuildFile; fileRef = 04B7D9841EC7D673000CB90A /* Preferences Top Btn@2x.png */; };
		04B7D9A91EC7D673000CB90A /* Preferences Top Btn@3x.png in Resources */ = {isa = PBXBuildFile; fileRef = 04B7D9851EC7D673000CB90A /* Preferences Top Btn@3x.png */; };
		04B7D9AA1EC7D673000CB90A /* Record Btn.png in Resources */ = {isa = PBXBuildFile; fileRef = 04B7D9861EC7D673000CB90A /* Record Btn.png */; };
		04B7D9AB1EC7D673000CB90A /* Record Btn@2x.png in Resources */ = {isa = PBXBuildFile; fileRef = 04B7D9871EC7D673000CB90A /* Record Btn@2x.png */; };
		04B7D9AC1EC7D673000CB90A /* Record Btn@3x.png in Resources */ = {isa = PBXBuildFile; fileRef = 04B7D9881EC7D673000CB90A /* Record Btn@3x.png */; };
		04B7D9AD1EC7D673000CB90A /* Record Red.png in Resources */ = {isa = PBXBuildFile; fileRef = 04B7D9891EC7D673000CB90A /* Record Red.png */; };
		04B7D9AE1EC7D673000CB90A /* Record Red@2x.png in Resources */ = {isa = PBXBuildFile; fileRef = 04B7D98A1EC7D673000CB90A /* Record Red@2x.png */; };
		04B7D9AF1EC7D673000CB90A /* Record Red@3x.png in Resources */ = {isa = PBXBuildFile; fileRef = 04B7D98B1EC7D673000CB90A /* Record Red@3x.png */; };
		04B7D9B01EC7D673000CB90A /* Resume Time.png in Resources */ = {isa = PBXBuildFile; fileRef = 04B7D98C1EC7D673000CB90A /* Resume Time.png */; };
		04B7D9B11EC7D673000CB90A /* Resume Time@2x.png in Resources */ = {isa = PBXBuildFile; fileRef = 04B7D98D1EC7D673000CB90A /* Resume Time@2x.png */; };
		04B7D9B21EC7D673000CB90A /* Resume Time@3x.png in Resources */ = {isa = PBXBuildFile; fileRef = 04B7D98E1EC7D673000CB90A /* Resume Time@3x.png */; };
		04B7D9B31EC7D673000CB90A /* Settings Top Btn.png in Resources */ = {isa = PBXBuildFile; fileRef = 04B7D98F1EC7D673000CB90A /* Settings Top Btn.png */; };
		04B7D9B41EC7D673000CB90A /* Settings Top Btn@2x.png in Resources */ = {isa = PBXBuildFile; fileRef = 04B7D9901EC7D673000CB90A /* Settings Top Btn@2x.png */; };
		04B7D9B51EC7D673000CB90A /* Settings Top Btn@3x.png in Resources */ = {isa = PBXBuildFile; fileRef = 04B7D9911EC7D673000CB90A /* Settings Top Btn@3x.png */; };
		04B7D9B61EC7D673000CB90A /* Start Btn.png in Resources */ = {isa = PBXBuildFile; fileRef = 04B7D9921EC7D673000CB90A /* Start Btn.png */; };
		04B7D9B71EC7D673000CB90A /* Start Btn@2x.png in Resources */ = {isa = PBXBuildFile; fileRef = 04B7D9931EC7D673000CB90A /* Start Btn@2x.png */; };
		04B7D9B81EC7D673000CB90A /* Start Btn@3x.png in Resources */ = {isa = PBXBuildFile; fileRef = 04B7D9941EC7D673000CB90A /* Start Btn@3x.png */; };
		04B7D9B91EC7D673000CB90A /* Stop Record.png in Resources */ = {isa = PBXBuildFile; fileRef = 04B7D9951EC7D673000CB90A /* Stop Record.png */; };
		04B7D9BA1EC7D673000CB90A /* Stop Record@2x.png in Resources */ = {isa = PBXBuildFile; fileRef = 04B7D9961EC7D673000CB90A /* Stop Record@2x.png */; };
		04B7D9BB1EC7D673000CB90A /* Stop Record@3x.png in Resources */ = {isa = PBXBuildFile; fileRef = 04B7D9971EC7D673000CB90A /* Stop Record@3x.png */; };
		04B7D9BC1EC7D673000CB90A /* Topic View.png in Resources */ = {isa = PBXBuildFile; fileRef = 04B7D9981EC7D673000CB90A /* Topic View.png */; };
		04B7D9BD1EC7D673000CB90A /* Topic View@2x.png in Resources */ = {isa = PBXBuildFile; fileRef = 04B7D9991EC7D673000CB90A /* Topic View@2x.png */; };
		04B7D9BE1EC7D673000CB90A /* Topic View@3x.png in Resources */ = {isa = PBXBuildFile; fileRef = 04B7D99A1EC7D673000CB90A /* Topic View@3x.png */; };
		04B7D9C21EC7DA2D000CB90A /* Proceed Btn.png in Resources */ = {isa = PBXBuildFile; fileRef = 04B7D9BF1EC7DA2D000CB90A /* Proceed Btn.png */; };
		04B7D9C31EC7DA2D000CB90A /* Proceed Btn@2x.png in Resources */ = {isa = PBXBuildFile; fileRef = 04B7D9C01EC7DA2D000CB90A /* Proceed Btn@2x.png */; };
		04B7D9C41EC7DA2D000CB90A /* Proceed Btn@3x.png in Resources */ = {isa = PBXBuildFile; fileRef = 04B7D9C11EC7DA2D000CB90A /* Proceed Btn@3x.png */; };
		04B7D9C81EC7DA3D000CB90A /* Settings Btn@1x.png in Resources */ = {isa = PBXBuildFile; fileRef = 04B7D9C51EC7DA3D000CB90A /* Settings Btn@1x.png */; };
		04B7D9C91EC7DA3D000CB90A /* Settings Btn@2x.png in Resources */ = {isa = PBXBuildFile; fileRef = 04B7D9C61EC7DA3D000CB90A /* Settings Btn@2x.png */; };
		04B7D9CA1EC7DA3D000CB90A /* Settings Btn@3x.png in Resources */ = {isa = PBXBuildFile; fileRef = 04B7D9C71EC7DA3D000CB90A /* Settings Btn@3x.png */; };
		04B7D9CE1EC7DA46000CB90A /* Quick Guide Btn.png in Resources */ = {isa = PBXBuildFile; fileRef = 04B7D9CB1EC7DA46000CB90A /* Quick Guide Btn.png */; };
		04B7D9CF1EC7DA46000CB90A /* Quick Guide Btn@2x.png in Resources */ = {isa = PBXBuildFile; fileRef = 04B7D9CC1EC7DA46000CB90A /* Quick Guide Btn@2x.png */; };
		04B7D9D01EC7DA46000CB90A /* Quick Guide Btn@3x.png in Resources */ = {isa = PBXBuildFile; fileRef = 04B7D9CD1EC7DA46000CB90A /* Quick Guide Btn@3x.png */; };
		04B7D9D41EC7DFD4000CB90A /* Info Btn.png in Resources */ = {isa = PBXBuildFile; fileRef = 04B7D9D11EC7DFD4000CB90A /* Info Btn.png */; };
		04B7D9D51EC7DFD4000CB90A /* Info Btn@2x.png in Resources */ = {isa = PBXBuildFile; fileRef = 04B7D9D21EC7DFD4000CB90A /* Info Btn@2x.png */; };
		04B7D9D61EC7DFD4000CB90A /* Info Btn@3x.png in Resources */ = {isa = PBXBuildFile; fileRef = 04B7D9D31EC7DFD4000CB90A /* Info Btn@3x.png */; };
		04B7D9D81EC7E96D000CB90A /* StartViewController.swift in Sources */ = {isa = PBXBuildFile; fileRef = 04B7D9D71EC7E96D000CB90A /* StartViewController.swift */; };
		04B7D9DA1EC7EA9D000CB90A /* InitialViewController.swift in Sources */ = {isa = PBXBuildFile; fileRef = 04B7D9D91EC7EA9D000CB90A /* InitialViewController.swift */; };
		04B7D9DC1EC7F3E5000CB90A /* KDCircularProgress.swift in Sources */ = {isa = PBXBuildFile; fileRef = 04B7D9DB1EC7F3E5000CB90A /* KDCircularProgress.swift */; };
		04B7D9E01EC80690000CB90A /* Pause Play Record Btn.png in Resources */ = {isa = PBXBuildFile; fileRef = 04B7D9DD1EC80690000CB90A /* Pause Play Record Btn.png */; };
		04B7D9E11EC80690000CB90A /* Pause Play Record Btn@2x.png in Resources */ = {isa = PBXBuildFile; fileRef = 04B7D9DE1EC80690000CB90A /* Pause Play Record Btn@2x.png */; };
		04B7D9E21EC80690000CB90A /* Pause Play Record Btn@3x.png in Resources */ = {isa = PBXBuildFile; fileRef = 04B7D9DF1EC80690000CB90A /* Pause Play Record Btn@3x.png */; };
		04B7D9E61EC80697000CB90A /* Play Record Btn.png in Resources */ = {isa = PBXBuildFile; fileRef = 04B7D9E31EC80697000CB90A /* Play Record Btn.png */; };
		04B7D9E71EC80697000CB90A /* Play Record Btn@2x.png in Resources */ = {isa = PBXBuildFile; fileRef = 04B7D9E41EC80697000CB90A /* Play Record Btn@2x.png */; };
		04B7D9E81EC80697000CB90A /* Play Record Btn@3x.png in Resources */ = {isa = PBXBuildFile; fileRef = 04B7D9E51EC80697000CB90A /* Play Record Btn@3x.png */; };
		04B7D9EC1EC806A1000CB90A /* Resume Time.png in Resources */ = {isa = PBXBuildFile; fileRef = 04B7D9E91EC806A1000CB90A /* Resume Time.png */; };
		04B7D9ED1EC806A1000CB90A /* Resume Time@2x.png in Resources */ = {isa = PBXBuildFile; fileRef = 04B7D9EA1EC806A1000CB90A /* Resume Time@2x.png */; };
		04B7D9EE1EC806A1000CB90A /* Resume Time@3x.png in Resources */ = {isa = PBXBuildFile; fileRef = 04B7D9EB1EC806A1000CB90A /* Resume Time@3x.png */; };
		04B7D9F21EC806A7000CB90A /* Save Record Btn.png in Resources */ = {isa = PBXBuildFile; fileRef = 04B7D9EF1EC806A7000CB90A /* Save Record Btn.png */; };
		04B7D9F31EC806A7000CB90A /* Save Record Btn@2x.png in Resources */ = {isa = PBXBuildFile; fileRef = 04B7D9F01EC806A7000CB90A /* Save Record Btn@2x.png */; };
		04B7D9F41EC806A7000CB90A /* Save Record Btn@3x.png in Resources */ = {isa = PBXBuildFile; fileRef = 04B7D9F11EC806A7000CB90A /* Save Record Btn@3x.png */; };
		04B7D9F81EC80719000CB90A /* Stop Record.png in Resources */ = {isa = PBXBuildFile; fileRef = 04B7D9F51EC80719000CB90A /* Stop Record.png */; };
		04B7D9F91EC80719000CB90A /* Stop Record@2x.png in Resources */ = {isa = PBXBuildFile; fileRef = 04B7D9F61EC80719000CB90A /* Stop Record@2x.png */; };
		04B7D9FA1EC80719000CB90A /* Stop Record@3x.png in Resources */ = {isa = PBXBuildFile; fileRef = 04B7D9F71EC80719000CB90A /* Stop Record@3x.png */; };
		04B7D9FE1EC80729000CB90A /* Blue Record.png in Resources */ = {isa = PBXBuildFile; fileRef = 04B7D9FB1EC80729000CB90A /* Blue Record.png */; };
		04B7D9FF1EC80729000CB90A /* Blue Record@2x.png in Resources */ = {isa = PBXBuildFile; fileRef = 04B7D9FC1EC80729000CB90A /* Blue Record@2x.png */; };
		04B7DA001EC80729000CB90A /* Blue Record@3x.png in Resources */ = {isa = PBXBuildFile; fileRef = 04B7D9FD1EC80729000CB90A /* Blue Record@3x.png */; };
		04B7DA041EC8097D000CB90A /* Reset Record.png in Resources */ = {isa = PBXBuildFile; fileRef = 04B7DA011EC8097D000CB90A /* Reset Record.png */; };
		04B7DA051EC8097D000CB90A /* Reset Record@2x.png in Resources */ = {isa = PBXBuildFile; fileRef = 04B7DA021EC8097D000CB90A /* Reset Record@2x.png */; };
		04B7DA061EC8097D000CB90A /* Reset Record@3x.png in Resources */ = {isa = PBXBuildFile; fileRef = 04B7DA031EC8097D000CB90A /* Reset Record@3x.png */; };
		04B7DA0A1EC80989000CB90A /* Pause Record.png in Resources */ = {isa = PBXBuildFile; fileRef = 04B7DA071EC80989000CB90A /* Pause Record.png */; };
		04B7DA0B1EC80989000CB90A /* Pause Record@2x.png in Resources */ = {isa = PBXBuildFile; fileRef = 04B7DA081EC80989000CB90A /* Pause Record@2x.png */; };
		04B7DA0C1EC80989000CB90A /* Pause Record@3x.png in Resources */ = {isa = PBXBuildFile; fileRef = 04B7DA091EC80989000CB90A /* Pause Record@3x.png */; };
		04B7DA101EC81042000CB90A /* Next Button.png in Resources */ = {isa = PBXBuildFile; fileRef = 04B7DA0D1EC81042000CB90A /* Next Button.png */; };
		04B7DA111EC81042000CB90A /* Next Button@2x.png in Resources */ = {isa = PBXBuildFile; fileRef = 04B7DA0E1EC81042000CB90A /* Next Button@2x.png */; };
		04B7DA121EC81042000CB90A /* Next Button@3x.png in Resources */ = {isa = PBXBuildFile; fileRef = 04B7DA0F1EC81042000CB90A /* Next Button@3x.png */; };
		04B7DA161EC8104D000CB90A /* Save Button.png in Resources */ = {isa = PBXBuildFile; fileRef = 04B7DA131EC8104D000CB90A /* Save Button.png */; };
		04B7DA171EC8104D000CB90A /* Save Button@2x.png in Resources */ = {isa = PBXBuildFile; fileRef = 04B7DA141EC8104D000CB90A /* Save Button@2x.png */; };
		04B7DA181EC8104D000CB90A /* Save Button@3x.png in Resources */ = {isa = PBXBuildFile; fileRef = 04B7DA151EC8104D000CB90A /* Save Button@3x.png */; };
		04B7DA1A1EC81247000CB90A /* RecordViewController.swift in Sources */ = {isa = PBXBuildFile; fileRef = 04B7DA191EC81247000CB90A /* RecordViewController.swift */; };
		04BF6E4C1EC63E4700FD6BDF /* TopicTableViewCell.swift in Sources */ = {isa = PBXBuildFile; fileRef = 04BF6E4B1EC63E4700FD6BDF /* TopicTableViewCell.swift */; };
		04D0E33E1ED661E100929A00 /* topicsdata.csv in Resources */ = {isa = PBXBuildFile; fileRef = 04D0E33D1ED661E100929A00 /* topicsdata.csv */; };
		04D7DD891ECBDE3500A862BE /* checkbox.png in Resources */ = {isa = PBXBuildFile; fileRef = 04D7DD831ECBDE3500A862BE /* checkbox.png */; };
		04D7DD8A1ECBDE3500A862BE /* checkbox@2x.png in Resources */ = {isa = PBXBuildFile; fileRef = 04D7DD841ECBDE3500A862BE /* checkbox@2x.png */; };
		04D7DD8B1ECBDE3500A862BE /* checkbox@3x.png in Resources */ = {isa = PBXBuildFile; fileRef = 04D7DD851ECBDE3500A862BE /* checkbox@3x.png */; };
		04D7DD8C1ECBDE3500A862BE /* checkedcheckbox.png in Resources */ = {isa = PBXBuildFile; fileRef = 04D7DD861ECBDE3500A862BE /* checkedcheckbox.png */; };
		04D7DD8D1ECBDE3500A862BE /* checkedcheckbox@2x.png in Resources */ = {isa = PBXBuildFile; fileRef = 04D7DD871ECBDE3500A862BE /* checkedcheckbox@2x.png */; };
		04D7DD8E1ECBDE3500A862BE /* checkedcheckbox@3x.png in Resources */ = {isa = PBXBuildFile; fileRef = 04D7DD881ECBDE3500A862BE /* checkedcheckbox@3x.png */; };
		04D7DD921ECBDE3C00A862BE /* checkedSwitch.png in Resources */ = {isa = PBXBuildFile; fileRef = 04D7DD8F1ECBDE3C00A862BE /* checkedSwitch.png */; };
		04D7DD931ECBDE3C00A862BE /* checkedSwitch@2x.png in Resources */ = {isa = PBXBuildFile; fileRef = 04D7DD901ECBDE3C00A862BE /* checkedSwitch@2x.png */; };
		04D7DD941ECBDE3C00A862BE /* checkedSwitch@3x.png in Resources */ = {isa = PBXBuildFile; fileRef = 04D7DD911ECBDE3C00A862BE /* checkedSwitch@3x.png */; };
		04D7DD981ECBDE4800A862BE /* uncheckedSwitch.png in Resources */ = {isa = PBXBuildFile; fileRef = 04D7DD951ECBDE4800A862BE /* uncheckedSwitch.png */; };
		04D7DD991ECBDE4800A862BE /* uncheckedSwitch@2x.png in Resources */ = {isa = PBXBuildFile; fileRef = 04D7DD961ECBDE4800A862BE /* uncheckedSwitch@2x.png */; };
		04D7DD9A1ECBDE4800A862BE /* uncheckedSwitch@3x.png in Resources */ = {isa = PBXBuildFile; fileRef = 04D7DD971ECBDE4800A862BE /* uncheckedSwitch@3x.png */; };
		04D7DD9C1ECC03DE00A862BE /* SettingsViewController.swift in Sources */ = {isa = PBXBuildFile; fileRef = 04D7DD9B1ECC03DE00A862BE /* SettingsViewController.swift */; };
		04FAB5171EC3D7FB00189FB5 /* AppDelegate.swift in Sources */ = {isa = PBXBuildFile; fileRef = 04FAB5161EC3D7FB00189FB5 /* AppDelegate.swift */; };
		04FAB5191EC3D7FB00189FB5 /* ViewController.swift in Sources */ = {isa = PBXBuildFile; fileRef = 04FAB5181EC3D7FB00189FB5 /* ViewController.swift */; };
		04FAB51C1EC3D7FB00189FB5 /* Main.storyboard in Resources */ = {isa = PBXBuildFile; fileRef = 04FAB51A1EC3D7FB00189FB5 /* Main.storyboard */; };
		04FAB51F1EC3D7FB00189FB5 /* ImpromptuMaster.xcdatamodeld in Sources */ = {isa = PBXBuildFile; fileRef = 04FAB51D1EC3D7FB00189FB5 /* ImpromptuMaster.xcdatamodeld */; };
		04FAB5211EC3D7FB00189FB5 /* Assets.xcassets in Resources */ = {isa = PBXBuildFile; fileRef = 04FAB5201EC3D7FB00189FB5 /* Assets.xcassets */; };
		04FAB5241EC3D7FB00189FB5 /* LaunchScreen.storyboard in Resources */ = {isa = PBXBuildFile; fileRef = 04FAB5221EC3D7FB00189FB5 /* LaunchScreen.storyboard */; };
/* End PBXBuildFile section */

/* Begin PBXFileReference section */
		043739D11ECAD91500443C95 /* Start Blue Btn.png */ = {isa = PBXFileReference; lastKnownFileType = image.png; path = "Start Blue Btn.png"; sourceTree = "<group>"; };
		043739D21ECAD91500443C95 /* Start Blue Btn@2x.png */ = {isa = PBXFileReference; lastKnownFileType = image.png; path = "Start Blue Btn@2x.png"; sourceTree = "<group>"; };
		043739D31ECAD91500443C95 /* Start Blue Btn@3x.png */ = {isa = PBXFileReference; lastKnownFileType = image.png; path = "Start Blue Btn@3x.png"; sourceTree = "<group>"; };
		043739D71ECAD92600443C95 /* Go Red Btn.png */ = {isa = PBXFileReference; lastKnownFileType = image.png; path = "Go Red Btn.png"; sourceTree = "<group>"; };
		043739D81ECAD92600443C95 /* Go Red Btn@2x.png */ = {isa = PBXFileReference; lastKnownFileType = image.png; path = "Go Red Btn@2x.png"; sourceTree = "<group>"; };
		043739D91ECAD92600443C95 /* Go Red Btn@3x.png */ = {isa = PBXFileReference; lastKnownFileType = image.png; path = "Go Red Btn@3x.png"; sourceTree = "<group>"; };
		046AB12B1EC8EC95009AC07F /* graybg@1x.png */ = {isa = PBXFileReference; lastKnownFileType = image.png; path = "graybg@1x.png"; sourceTree = "<group>"; };
		046AB12C1EC8EC95009AC07F /* graybg@2x.png */ = {isa = PBXFileReference; lastKnownFileType = image.png; path = "graybg@2x.png"; sourceTree = "<group>"; };
		046AB12D1EC8EC95009AC07F /* graybg@3x.png */ = {isa = PBXFileReference; lastKnownFileType = image.png; path = "graybg@3x.png"; sourceTree = "<group>"; };
		046AB1311EC8F420009AC07F /* SavedRecViewController.swift */ = {isa = PBXFileReference; fileEncoding = 4; lastKnownFileType = sourcecode.swift; path = SavedRecViewController.swift; sourceTree = "<group>"; };
		046AB1331EC8FBD2009AC07F /* RecordTableViewCell.swift */ = {isa = PBXFileReference; fileEncoding = 4; lastKnownFileType = sourcecode.swift; path = RecordTableViewCell.swift; sourceTree = "<group>"; };
		046AB1351EC93529009AC07F /* Delete Button.png */ = {isa = PBXFileReference; lastKnownFileType = image.png; path = "Delete Button.png"; sourceTree = "<group>"; };
		046AB1361EC93529009AC07F /* Delete Button@2x.png */ = {isa = PBXFileReference; lastKnownFileType = image.png; path = "Delete Button@2x.png"; sourceTree = "<group>"; };
		046AB1371EC93529009AC07F /* Delete Button@3x.png */ = {isa = PBXFileReference; lastKnownFileType = image.png; path = "Delete Button@3x.png"; sourceTree = "<group>"; };
		046AB13B1EC94865009AC07F /* Light Blue Play Record Btn.png */ = {isa = PBXFileReference; lastKnownFileType = image.png; path = "Light Blue Play Record Btn.png"; sourceTree = "<group>"; };
		046AB13C1EC94865009AC07F /* Light Blue Play Record Btn@2x.png */ = {isa = PBXFileReference; lastKnownFileType = image.png; path = "Light Blue Play Record Btn@2x.png"; sourceTree = "<group>"; };
		046AB13D1EC94865009AC07F /* Light Blue Play Record Btn@3x.png */ = {isa = PBXFileReference; lastKnownFileType = image.png; path = "Light Blue Play Record Btn@3x.png"; sourceTree = "<group>"; };
		046AB1411EC949B1009AC07F /* PlayerViewController.swift */ = {isa = PBXFileReference; fileEncoding = 4; lastKnownFileType = sourcecode.swift; path = PlayerViewController.swift; sourceTree = "<group>"; };
		046AB1431ECA5BF3009AC07F /* PlayAndSaveViewController.swift */ = {isa = PBXFileReference; fileEncoding = 4; lastKnownFileType = sourcecode.swift; path = PlayAndSaveViewController.swift; sourceTree = "<group>"; };
		0496375F1ECC328800A284A5 /* Close Btn.png */ = {isa = PBXFileReference; lastKnownFileType = image.png; path = "Close Btn.png"; sourceTree = "<group>"; };
		049637601ECC328800A284A5 /* Close Btn@2x.png */ = {isa = PBXFileReference; lastKnownFileType = image.png; path = "Close Btn@2x.png"; sourceTree = "<group>"; };
		049637611ECC328800A284A5 /* Close Btn@3x.png */ = {isa = PBXFileReference; lastKnownFileType = image.png; path = "Close Btn@3x.png"; sourceTree = "<group>"; };
		049637651ECC32BF00A284A5 /* Hint View@1x.png */ = {isa = PBXFileReference; lastKnownFileType = image.png; path = "Hint View@1x.png"; sourceTree = "<group>"; };
		049637661ECC32BF00A284A5 /* Hint View@2x.png */ = {isa = PBXFileReference; lastKnownFileType = image.png; path = "Hint View@2x.png"; sourceTree = "<group>"; };
		049637671ECC32BF00A284A5 /* Hint View@3x.png */ = {isa = PBXFileReference; lastKnownFileType = image.png; path = "Hint View@3x.png"; sourceTree = "<group>"; };
		0496376B1ECC330B00A284A5 /* Hint View@1x.png */ = {isa = PBXFileReference; lastKnownFileType = image.png; path = "Hint View@1x.png"; sourceTree = "<group>"; };
		0496376C1ECC330B00A284A5 /* Hint View@2x.png */ = {isa = PBXFileReference; lastKnownFileType = image.png; path = "Hint View@2x.png"; sourceTree = "<group>"; };
		0496376D1ECC330B00A284A5 /* Hint View@3x.png */ = {isa = PBXFileReference; lastKnownFileType = image.png; path = "Hint View@3x.png"; sourceTree = "<group>"; };
		049637711ECC348600A284A5 /* HintPopupViewController.swift */ = {isa = PBXFileReference; fileEncoding = 4; lastKnownFileType = sourcecode.swift; path = HintPopupViewController.swift; sourceTree = "<group>"; };
		049637751ECE426600A284A5 /* Timer Btn.png */ = {isa = PBXFileReference; lastKnownFileType = image.png; path = "Timer Btn.png"; sourceTree = "<group>"; };
		049637761ECE426600A284A5 /* Timer Btn@2x.png */ = {isa = PBXFileReference; lastKnownFileType = image.png; path = "Timer Btn@2x.png"; sourceTree = "<group>"; };
		049637771ECE426600A284A5 /* Timer Btn@3x.png */ = {isa = PBXFileReference; lastKnownFileType = image.png; path = "Timer Btn@3x.png"; sourceTree = "<group>"; };
		0496377B1ECE480200A284A5 /* Light Blue Timer Btn.png */ = {isa = PBXFileReference; lastKnownFileType = image.png; path = "Light Blue Timer Btn.png"; sourceTree = "<group>"; };
		0496377C1ECE480200A284A5 /* Light Blue Timer Btn@2x.png */ = {isa = PBXFileReference; lastKnownFileType = image.png; path = "Light Blue Timer Btn@2x.png"; sourceTree = "<group>"; };
		0496377D1ECE480200A284A5 /* Light Blue Timer Btn@3x.png */ = {isa = PBXFileReference; lastKnownFileType = image.png; path = "Light Blue Timer Btn@3x.png"; sourceTree = "<group>"; };
		049637811ECE482500A284A5 /* TimerViewController.swift */ = {isa = PBXFileReference; fileEncoding = 4; lastKnownFileType = sourcecode.swift; path = TimerViewController.swift; sourceTree = "<group>"; };
		04B7D9591EC7D28B000CB90A /* br1@1x.png */ = {isa = PBXFileReference; lastKnownFileType = image.png; path = "br1@1x.png"; sourceTree = "<group>"; };
		04B7D95A1EC7D28B000CB90A /* br1@2x.png */ = {isa = PBXFileReference; lastKnownFileType = image.png; path = "br1@2x.png"; sourceTree = "<group>"; };
		04B7D95B1EC7D28B000CB90A /* br1@3x.png */ = {isa = PBXFileReference; lastKnownFileType = image.png; path = "br1@3x.png"; sourceTree = "<group>"; };
		04B7D95C1EC7D28B000CB90A /* Logo Lg@1x.png */ = {isa = PBXFileReference; lastKnownFileType = image.png; path = "Logo Lg@1x.png"; sourceTree = "<group>"; };
		04B7D95D1EC7D28B000CB90A /* Logo Lg@2x.png */ = {isa = PBXFileReference; lastKnownFileType = image.png; path = "Logo Lg@2x.png"; sourceTree = "<group>"; };
		04B7D95E1EC7D28B000CB90A /* Logo Lg@3x.png */ = {isa = PBXFileReference; lastKnownFileType = image.png; path = "Logo Lg@3x.png"; sourceTree = "<group>"; };
		04B7D9771EC7D673000CB90A /* Back Top Btn@1x.png */ = {isa = PBXFileReference; lastKnownFileType = image.png; path = "Back Top Btn@1x.png"; sourceTree = "<group>"; };
		04B7D9781EC7D673000CB90A /* Back Top Btn@2x.png */ = {isa = PBXFileReference; lastKnownFileType = image.png; path = "Back Top Btn@2x.png"; sourceTree = "<group>"; };
		04B7D9791EC7D673000CB90A /* Back Top Btn@3x.png */ = {isa = PBXFileReference; lastKnownFileType = image.png; path = "Back Top Btn@3x.png"; sourceTree = "<group>"; };
		04B7D97A1EC7D673000CB90A /* Hint Btn.png */ = {isa = PBXFileReference; lastKnownFileType = image.png; path = "Hint Btn.png"; sourceTree = "<group>"; };
		04B7D97B1EC7D673000CB90A /* Hint Btn@2x.png */ = {isa = PBXFileReference; lastKnownFileType = image.png; path = "Hint Btn@2x.png"; sourceTree = "<group>"; };
		04B7D97C1EC7D673000CB90A /* Hint Btn@3x.png */ = {isa = PBXFileReference; lastKnownFileType = image.png; path = "Hint Btn@3x.png"; sourceTree = "<group>"; };
		04B7D97D1EC7D673000CB90A /* Logo Sm.png */ = {isa = PBXFileReference; lastKnownFileType = image.png; path = "Logo Sm.png"; sourceTree = "<group>"; };
		04B7D97E1EC7D673000CB90A /* Logo Sm@2x.png */ = {isa = PBXFileReference; lastKnownFileType = image.png; path = "Logo Sm@2x.png"; sourceTree = "<group>"; };
		04B7D97F1EC7D673000CB90A /* Logo Sm@3x.png */ = {isa = PBXFileReference; lastKnownFileType = image.png; path = "Logo Sm@3x.png"; sourceTree = "<group>"; };
		04B7D9801EC7D673000CB90A /* Next Topic Btn.png */ = {isa = PBXFileReference; lastKnownFileType = image.png; path = "Next Topic Btn.png"; sourceTree = "<group>"; };
		04B7D9811EC7D673000CB90A /* Next Topic Btn@2x.png */ = {isa = PBXFileReference; lastKnownFileType = image.png; path = "Next Topic Btn@2x.png"; sourceTree = "<group>"; };
		04B7D9821EC7D673000CB90A /* Next Topic Btn@3x.png */ = {isa = PBXFileReference; lastKnownFileType = image.png; path = "Next Topic Btn@3x.png"; sourceTree = "<group>"; };
		04B7D9831EC7D673000CB90A /* Preferences Top Btn.png */ = {isa = PBXFileReference; lastKnownFileType = image.png; path = "Preferences Top Btn.png"; sourceTree = "<group>"; };
		04B7D9841EC7D673000CB90A /* Preferences Top Btn@2x.png */ = {isa = PBXFileReference; lastKnownFileType = image.png; path = "Preferences Top Btn@2x.png"; sourceTree = "<group>"; };
		04B7D9851EC7D673000CB90A /* Preferences Top Btn@3x.png */ = {isa = PBXFileReference; lastKnownFileType = image.png; path = "Preferences Top Btn@3x.png"; sourceTree = "<group>"; };
		04B7D9861EC7D673000CB90A /* Record Btn.png */ = {isa = PBXFileReference; lastKnownFileType = image.png; path = "Record Btn.png"; sourceTree = "<group>"; };
		04B7D9871EC7D673000CB90A /* Record Btn@2x.png */ = {isa = PBXFileReference; lastKnownFileType = image.png; path = "Record Btn@2x.png"; sourceTree = "<group>"; };
		04B7D9881EC7D673000CB90A /* Record Btn@3x.png */ = {isa = PBXFileReference; lastKnownFileType = image.png; path = "Record Btn@3x.png"; sourceTree = "<group>"; };
		04B7D9891EC7D673000CB90A /* Record Red.png */ = {isa = PBXFileReference; lastKnownFileType = image.png; path = "Record Red.png"; sourceTree = "<group>"; };
		04B7D98A1EC7D673000CB90A /* Record Red@2x.png */ = {isa = PBXFileReference; lastKnownFileType = image.png; path = "Record Red@2x.png"; sourceTree = "<group>"; };
		04B7D98B1EC7D673000CB90A /* Record Red@3x.png */ = {isa = PBXFileReference; lastKnownFileType = image.png; path = "Record Red@3x.png"; sourceTree = "<group>"; };
		04B7D98C1EC7D673000CB90A /* Resume Time.png */ = {isa = PBXFileReference; lastKnownFileType = image.png; path = "Resume Time.png"; sourceTree = "<group>"; };
		04B7D98D1EC7D673000CB90A /* Resume Time@2x.png */ = {isa = PBXFileReference; lastKnownFileType = image.png; path = "Resume Time@2x.png"; sourceTree = "<group>"; };
		04B7D98E1EC7D673000CB90A /* Resume Time@3x.png */ = {isa = PBXFileReference; lastKnownFileType = image.png; path = "Resume Time@3x.png"; sourceTree = "<group>"; };
		04B7D98F1EC7D673000CB90A /* Settings Top Btn.png */ = {isa = PBXFileReference; lastKnownFileType = image.png; path = "Settings Top Btn.png"; sourceTree = "<group>"; };
		04B7D9901EC7D673000CB90A /* Settings Top Btn@2x.png */ = {isa = PBXFileReference; lastKnownFileType = image.png; path = "Settings Top Btn@2x.png"; sourceTree = "<group>"; };
		04B7D9911EC7D673000CB90A /* Settings Top Btn@3x.png */ = {isa = PBXFileReference; lastKnownFileType = image.png; path = "Settings Top Btn@3x.png"; sourceTree = "<group>"; };
		04B7D9921EC7D673000CB90A /* Start Btn.png */ = {isa = PBXFileReference; lastKnownFileType = image.png; path = "Start Btn.png"; sourceTree = "<group>"; };
		04B7D9931EC7D673000CB90A /* Start Btn@2x.png */ = {isa = PBXFileReference; lastKnownFileType = image.png; path = "Start Btn@2x.png"; sourceTree = "<group>"; };
		04B7D9941EC7D673000CB90A /* Start Btn@3x.png */ = {isa = PBXFileReference; lastKnownFileType = image.png; path = "Start Btn@3x.png"; sourceTree = "<group>"; };
		04B7D9951EC7D673000CB90A /* Stop Record.png */ = {isa = PBXFileReference; lastKnownFileType = image.png; path = "Stop Record.png"; sourceTree = "<group>"; };
		04B7D9961EC7D673000CB90A /* Stop Record@2x.png */ = {isa = PBXFileReference; lastKnownFileType = image.png; path = "Stop Record@2x.png"; sourceTree = "<group>"; };
		04B7D9971EC7D673000CB90A /* Stop Record@3x.png */ = {isa = PBXFileReference; lastKnownFileType = image.png; path = "Stop Record@3x.png"; sourceTree = "<group>"; };
		04B7D9981EC7D673000CB90A /* Topic View.png */ = {isa = PBXFileReference; lastKnownFileType = image.png; path = "Topic View.png"; sourceTree = "<group>"; };
		04B7D9991EC7D673000CB90A /* Topic View@2x.png */ = {isa = PBXFileReference; lastKnownFileType = image.png; path = "Topic View@2x.png"; sourceTree = "<group>"; };
		04B7D99A1EC7D673000CB90A /* Topic View@3x.png */ = {isa = PBXFileReference; lastKnownFileType = image.png; path = "Topic View@3x.png"; sourceTree = "<group>"; };
		04B7D9BF1EC7DA2D000CB90A /* Proceed Btn.png */ = {isa = PBXFileReference; lastKnownFileType = image.png; path = "Proceed Btn.png"; sourceTree = "<group>"; };
		04B7D9C01EC7DA2D000CB90A /* Proceed Btn@2x.png */ = {isa = PBXFileReference; lastKnownFileType = image.png; path = "Proceed Btn@2x.png"; sourceTree = "<group>"; };
		04B7D9C11EC7DA2D000CB90A /* Proceed Btn@3x.png */ = {isa = PBXFileReference; lastKnownFileType = image.png; path = "Proceed Btn@3x.png"; sourceTree = "<group>"; };
		04B7D9C51EC7DA3D000CB90A /* Settings Btn@1x.png */ = {isa = PBXFileReference; lastKnownFileType = image.png; path = "Settings Btn@1x.png"; sourceTree = "<group>"; };
		04B7D9C61EC7DA3D000CB90A /* Settings Btn@2x.png */ = {isa = PBXFileReference; lastKnownFileType = image.png; path = "Settings Btn@2x.png"; sourceTree = "<group>"; };
		04B7D9C71EC7DA3D000CB90A /* Settings Btn@3x.png */ = {isa = PBXFileReference; lastKnownFileType = image.png; path = "Settings Btn@3x.png"; sourceTree = "<group>"; };
		04B7D9CB1EC7DA46000CB90A /* Quick Guide Btn.png */ = {isa = PBXFileReference; lastKnownFileType = image.png; path = "Quick Guide Btn.png"; sourceTree = "<group>"; };
		04B7D9CC1EC7DA46000CB90A /* Quick Guide Btn@2x.png */ = {isa = PBXFileReference; lastKnownFileType = image.png; path = "Quick Guide Btn@2x.png"; sourceTree = "<group>"; };
		04B7D9CD1EC7DA46000CB90A /* Quick Guide Btn@3x.png */ = {isa = PBXFileReference; lastKnownFileType = image.png; path = "Quick Guide Btn@3x.png"; sourceTree = "<group>"; };
		04B7D9D11EC7DFD4000CB90A /* Info Btn.png */ = {isa = PBXFileReference; lastKnownFileType = image.png; path = "Info Btn.png"; sourceTree = "<group>"; };
		04B7D9D21EC7DFD4000CB90A /* Info Btn@2x.png */ = {isa = PBXFileReference; lastKnownFileType = image.png; path = "Info Btn@2x.png"; sourceTree = "<group>"; };
		04B7D9D31EC7DFD4000CB90A /* Info Btn@3x.png */ = {isa = PBXFileReference; lastKnownFileType = image.png; path = "Info Btn@3x.png"; sourceTree = "<group>"; };
		04B7D9D71EC7E96D000CB90A /* StartViewController.swift */ = {isa = PBXFileReference; fileEncoding = 4; lastKnownFileType = sourcecode.swift; path = StartViewController.swift; sourceTree = "<group>"; };
		04B7D9D91EC7EA9D000CB90A /* InitialViewController.swift */ = {isa = PBXFileReference; fileEncoding = 4; lastKnownFileType = sourcecode.swift; path = InitialViewController.swift; sourceTree = "<group>"; };
		04B7D9DB1EC7F3E5000CB90A /* KDCircularProgress.swift */ = {isa = PBXFileReference; fileEncoding = 4; lastKnownFileType = sourcecode.swift; path = KDCircularProgress.swift; sourceTree = "<group>"; };
		04B7D9DD1EC80690000CB90A /* Pause Play Record Btn.png */ = {isa = PBXFileReference; lastKnownFileType = image.png; path = "Pause Play Record Btn.png"; sourceTree = "<group>"; };
		04B7D9DE1EC80690000CB90A /* Pause Play Record Btn@2x.png */ = {isa = PBXFileReference; lastKnownFileType = image.png; path = "Pause Play Record Btn@2x.png"; sourceTree = "<group>"; };
		04B7D9DF1EC80690000CB90A /* Pause Play Record Btn@3x.png */ = {isa = PBXFileReference; lastKnownFileType = image.png; path = "Pause Play Record Btn@3x.png"; sourceTree = "<group>"; };
		04B7D9E31EC80697000CB90A /* Play Record Btn.png */ = {isa = PBXFileReference; lastKnownFileType = image.png; path = "Play Record Btn.png"; sourceTree = "<group>"; };
		04B7D9E41EC80697000CB90A /* Play Record Btn@2x.png */ = {isa = PBXFileReference; lastKnownFileType = image.png; path = "Play Record Btn@2x.png"; sourceTree = "<group>"; };
		04B7D9E51EC80697000CB90A /* Play Record Btn@3x.png */ = {isa = PBXFileReference; lastKnownFileType = image.png; path = "Play Record Btn@3x.png"; sourceTree = "<group>"; };
		04B7D9E91EC806A1000CB90A /* Resume Time.png */ = {isa = PBXFileReference; lastKnownFileType = image.png; path = "Resume Time.png"; sourceTree = "<group>"; };
		04B7D9EA1EC806A1000CB90A /* Resume Time@2x.png */ = {isa = PBXFileReference; lastKnownFileType = image.png; path = "Resume Time@2x.png"; sourceTree = "<group>"; };
		04B7D9EB1EC806A1000CB90A /* Resume Time@3x.png */ = {isa = PBXFileReference; lastKnownFileType = image.png; path = "Resume Time@3x.png"; sourceTree = "<group>"; };
		04B7D9EF1EC806A7000CB90A /* Save Record Btn.png */ = {isa = PBXFileReference; lastKnownFileType = image.png; path = "Save Record Btn.png"; sourceTree = "<group>"; };
		04B7D9F01EC806A7000CB90A /* Save Record Btn@2x.png */ = {isa = PBXFileReference; lastKnownFileType = image.png; path = "Save Record Btn@2x.png"; sourceTree = "<group>"; };
		04B7D9F11EC806A7000CB90A /* Save Record Btn@3x.png */ = {isa = PBXFileReference; lastKnownFileType = image.png; path = "Save Record Btn@3x.png"; sourceTree = "<group>"; };
		04B7D9F51EC80719000CB90A /* Stop Record.png */ = {isa = PBXFileReference; lastKnownFileType = image.png; path = "Stop Record.png"; sourceTree = "<group>"; };
		04B7D9F61EC80719000CB90A /* Stop Record@2x.png */ = {isa = PBXFileReference; lastKnownFileType = image.png; path = "Stop Record@2x.png"; sourceTree = "<group>"; };
		04B7D9F71EC80719000CB90A /* Stop Record@3x.png */ = {isa = PBXFileReference; lastKnownFileType = image.png; path = "Stop Record@3x.png"; sourceTree = "<group>"; };
		04B7D9FB1EC80729000CB90A /* Blue Record.png */ = {isa = PBXFileReference; lastKnownFileType = image.png; path = "Blue Record.png"; sourceTree = "<group>"; };
		04B7D9FC1EC80729000CB90A /* Blue Record@2x.png */ = {isa = PBXFileReference; lastKnownFileType = image.png; path = "Blue Record@2x.png"; sourceTree = "<group>"; };
		04B7D9FD1EC80729000CB90A /* Blue Record@3x.png */ = {isa = PBXFileReference; lastKnownFileType = image.png; path = "Blue Record@3x.png"; sourceTree = "<group>"; };
		04B7DA011EC8097D000CB90A /* Reset Record.png */ = {isa = PBXFileReference; lastKnownFileType = image.png; path = "Reset Record.png"; sourceTree = "<group>"; };
		04B7DA021EC8097D000CB90A /* Reset Record@2x.png */ = {isa = PBXFileReference; lastKnownFileType = image.png; path = "Reset Record@2x.png"; sourceTree = "<group>"; };
		04B7DA031EC8097D000CB90A /* Reset Record@3x.png */ = {isa = PBXFileReference; lastKnownFileType = image.png; path = "Reset Record@3x.png"; sourceTree = "<group>"; };
		04B7DA071EC80989000CB90A /* Pause Record.png */ = {isa = PBXFileReference; lastKnownFileType = image.png; path = "Pause Record.png"; sourceTree = "<group>"; };
		04B7DA081EC80989000CB90A /* Pause Record@2x.png */ = {isa = PBXFileReference; lastKnownFileType = image.png; path = "Pause Record@2x.png"; sourceTree = "<group>"; };
		04B7DA091EC80989000CB90A /* Pause Record@3x.png */ = {isa = PBXFileReference; lastKnownFileType = image.png; path = "Pause Record@3x.png"; sourceTree = "<group>"; };
		04B7DA0D1EC81042000CB90A /* Next Button.png */ = {isa = PBXFileReference; lastKnownFileType = image.png; path = "Next Button.png"; sourceTree = "<group>"; };
		04B7DA0E1EC81042000CB90A /* Next Button@2x.png */ = {isa = PBXFileReference; lastKnownFileType = image.png; path = "Next Button@2x.png"; sourceTree = "<group>"; };
		04B7DA0F1EC81042000CB90A /* Next Button@3x.png */ = {isa = PBXFileReference; lastKnownFileType = image.png; path = "Next Button@3x.png"; sourceTree = "<group>"; };
		04B7DA131EC8104D000CB90A /* Save Button.png */ = {isa = PBXFileReference; lastKnownFileType = image.png; path = "Save Button.png"; sourceTree = "<group>"; };
		04B7DA141EC8104D000CB90A /* Save Button@2x.png */ = {isa = PBXFileReference; lastKnownFileType = image.png; path = "Save Button@2x.png"; sourceTree = "<group>"; };
		04B7DA151EC8104D000CB90A /* Save Button@3x.png */ = {isa = PBXFileReference; lastKnownFileType = image.png; path = "Save Button@3x.png"; sourceTree = "<group>"; };
		04B7DA191EC81247000CB90A /* RecordViewController.swift */ = {isa = PBXFileReference; fileEncoding = 4; lastKnownFileType = sourcecode.swift; path = RecordViewController.swift; sourceTree = "<group>"; };
		04BF6E4B1EC63E4700FD6BDF /* TopicTableViewCell.swift */ = {isa = PBXFileReference; fileEncoding = 4; lastKnownFileType = sourcecode.swift; path = TopicTableViewCell.swift; sourceTree = "<group>"; };
		04D0E33D1ED661E100929A00 /* topicsdata.csv */ = {isa = PBXFileReference; fileEncoding = 4; lastKnownFileType = text; path = topicsdata.csv; sourceTree = "<group>"; };
		04D7DD831ECBDE3500A862BE /* checkbox.png */ = {isa = PBXFileReference; lastKnownFileType = image.png; path = checkbox.png; sourceTree = "<group>"; };
		04D7DD841ECBDE3500A862BE /* checkbox@2x.png */ = {isa = PBXFileReference; lastKnownFileType = image.png; path = "checkbox@2x.png"; sourceTree = "<group>"; };
		04D7DD851ECBDE3500A862BE /* checkbox@3x.png */ = {isa = PBXFileReference; lastKnownFileType = image.png; path = "checkbox@3x.png"; sourceTree = "<group>"; };
		04D7DD861ECBDE3500A862BE /* checkedcheckbox.png */ = {isa = PBXFileReference; lastKnownFileType = image.png; path = checkedcheckbox.png; sourceTree = "<group>"; };
		04D7DD871ECBDE3500A862BE /* checkedcheckbox@2x.png */ = {isa = PBXFileReference; lastKnownFileType = image.png; path = "checkedcheckbox@2x.png"; sourceTree = "<group>"; };
		04D7DD881ECBDE3500A862BE /* checkedcheckbox@3x.png */ = {isa = PBXFileReference; lastKnownFileType = image.png; path = "checkedcheckbox@3x.png"; sourceTree = "<group>"; };
		04D7DD8F1ECBDE3C00A862BE /* checkedSwitch.png */ = {isa = PBXFileReference; lastKnownFileType = image.png; path = checkedSwitch.png; sourceTree = "<group>"; };
		04D7DD901ECBDE3C00A862BE /* checkedSwitch@2x.png */ = {isa = PBXFileReference; lastKnownFileType = image.png; path = "checkedSwitch@2x.png"; sourceTree = "<group>"; };
		04D7DD911ECBDE3C00A862BE /* checkedSwitch@3x.png */ = {isa = PBXFileReference; lastKnownFileType = image.png; path = "checkedSwitch@3x.png"; sourceTree = "<group>"; };
		04D7DD951ECBDE4800A862BE /* uncheckedSwitch.png */ = {isa = PBXFileReference; lastKnownFileType = image.png; path = uncheckedSwitch.png; sourceTree = "<group>"; };
		04D7DD961ECBDE4800A862BE /* uncheckedSwitch@2x.png */ = {isa = PBXFileReference; lastKnownFileType = image.png; path = "uncheckedSwitch@2x.png"; sourceTree = "<group>"; };
		04D7DD971ECBDE4800A862BE /* uncheckedSwitch@3x.png */ = {isa = PBXFileReference; lastKnownFileType = image.png; path = "uncheckedSwitch@3x.png"; sourceTree = "<group>"; };
		04D7DD9B1ECC03DE00A862BE /* SettingsViewController.swift */ = {isa = PBXFileReference; fileEncoding = 4; lastKnownFileType = sourcecode.swift; path = SettingsViewController.swift; sourceTree = "<group>"; };
		04FAB5131EC3D7FB00189FB5 /* ImpromptuMaster.app */ = {isa = PBXFileReference; explicitFileType = wrapper.application; includeInIndex = 0; path = ImpromptuMaster.app; sourceTree = BUILT_PRODUCTS_DIR; };
		04FAB5161EC3D7FB00189FB5 /* AppDelegate.swift */ = {isa = PBXFileReference; lastKnownFileType = sourcecode.swift; path = AppDelegate.swift; sourceTree = "<group>"; };
		04FAB5181EC3D7FB00189FB5 /* ViewController.swift */ = {isa = PBXFileReference; lastKnownFileType = sourcecode.swift; path = ViewController.swift; sourceTree = "<group>"; };
		04FAB51B1EC3D7FB00189FB5 /* Base */ = {isa = PBXFileReference; lastKnownFileType = file.storyboard; name = Base; path = Base.lproj/Main.storyboard; sourceTree = "<group>"; };
		04FAB51E1EC3D7FB00189FB5 /* ImpromptuMaster.xcdatamodel */ = {isa = PBXFileReference; lastKnownFileType = wrapper.xcdatamodel; path = ImpromptuMaster.xcdatamodel; sourceTree = "<group>"; };
		04FAB5201EC3D7FB00189FB5 /* Assets.xcassets */ = {isa = PBXFileReference; lastKnownFileType = folder.assetcatalog; path = Assets.xcassets; sourceTree = "<group>"; };
		04FAB5231EC3D7FB00189FB5 /* Base */ = {isa = PBXFileReference; lastKnownFileType = file.storyboard; name = Base; path = Base.lproj/LaunchScreen.storyboard; sourceTree = "<group>"; };
		04FAB5251EC3D7FB00189FB5 /* Info.plist */ = {isa = PBXFileReference; lastKnownFileType = text.plist.xml; path = Info.plist; sourceTree = "<group>"; };
/* End PBXFileReference section */

/* Begin PBXFrameworksBuildPhase section */
		04FAB5101EC3D7FB00189FB5 /* Frameworks */ = {
			isa = PBXFrameworksBuildPhase;
			buildActionMask = 2147483647;
			files = (
			);
			runOnlyForDeploymentPostprocessing = 0;
		};
/* End PBXFrameworksBuildPhase section */

/* Begin PBXGroup section */
		04FAB50A1EC3D7FB00189FB5 = {
			isa = PBXGroup;
			children = (
				04FAB5151EC3D7FB00189FB5 /* ImpromptuMaster */,
				04FAB5141EC3D7FB00189FB5 /* Products */,
				04D7DD8F1ECBDE3C00A862BE /* checkedSwitch.png */,
				04D7DD901ECBDE3C00A862BE /* checkedSwitch@2x.png */,
				0496377B1ECE480200A284A5 /* Light Blue Timer Btn.png */,
				0496377C1ECE480200A284A5 /* Light Blue Timer Btn@2x.png */,
				0496377D1ECE480200A284A5 /* Light Blue Timer Btn@3x.png */,
				0496376B1ECC330B00A284A5 /* Hint View@1x.png */,
				0496376C1ECC330B00A284A5 /* Hint View@2x.png */,
				0496376D1ECC330B00A284A5 /* Hint View@3x.png */,
				04D7DD951ECBDE4800A862BE /* uncheckedSwitch.png */,
				049637751ECE426600A284A5 /* Timer Btn.png */,
				049637761ECE426600A284A5 /* Timer Btn@2x.png */,
				049637771ECE426600A284A5 /* Timer Btn@3x.png */,
				04D7DD961ECBDE4800A862BE /* uncheckedSwitch@2x.png */,
				0496375F1ECC328800A284A5 /* Close Btn.png */,
				049637601ECC328800A284A5 /* Close Btn@2x.png */,
				049637651ECC32BF00A284A5 /* Hint View@1x.png */,
				049637661ECC32BF00A284A5 /* Hint View@2x.png */,
				049637671ECC32BF00A284A5 /* Hint View@3x.png */,
				049637611ECC328800A284A5 /* Close Btn@3x.png */,
				04D7DD971ECBDE4800A862BE /* uncheckedSwitch@3x.png */,
				04D7DD911ECBDE3C00A862BE /* checkedSwitch@3x.png */,
				04B7D9591EC7D28B000CB90A /* br1@1x.png */,
				04B7D95A1EC7D28B000CB90A /* br1@2x.png */,
				043739D71ECAD92600443C95 /* Go Red Btn.png */,
				043739D81ECAD92600443C95 /* Go Red Btn@2x.png */,
				043739D91ECAD92600443C95 /* Go Red Btn@3x.png */,
				04D7DD831ECBDE3500A862BE /* checkbox.png */,
				04D7DD841ECBDE3500A862BE /* checkbox@2x.png */,
				04D7DD851ECBDE3500A862BE /* checkbox@3x.png */,
				04D7DD861ECBDE3500A862BE /* checkedcheckbox.png */,
				04D7DD871ECBDE3500A862BE /* checkedcheckbox@2x.png */,
				04D7DD881ECBDE3500A862BE /* checkedcheckbox@3x.png */,
				04B7D95B1EC7D28B000CB90A /* br1@3x.png */,
				043739D11ECAD91500443C95 /* Start Blue Btn.png */,
				043739D21ECAD91500443C95 /* Start Blue Btn@2x.png */,
				043739D31ECAD91500443C95 /* Start Blue Btn@3x.png */,
				04B7D95C1EC7D28B000CB90A /* Logo Lg@1x.png */,
				046AB13B1EC94865009AC07F /* Light Blue Play Record Btn.png */,
				046AB13C1EC94865009AC07F /* Light Blue Play Record Btn@2x.png */,
				046AB13D1EC94865009AC07F /* Light Blue Play Record Btn@3x.png */,
				04B7D95D1EC7D28B000CB90A /* Logo Lg@2x.png */,
				04B7D95E1EC7D28B000CB90A /* Logo Lg@3x.png */,
				04B7D9771EC7D673000CB90A /* Back Top Btn@1x.png */,
				046AB12B1EC8EC95009AC07F /* graybg@1x.png */,
				046AB12C1EC8EC95009AC07F /* graybg@2x.png */,
				046AB12D1EC8EC95009AC07F /* graybg@3x.png */,
				04B7D9781EC7D673000CB90A /* Back Top Btn@2x.png */,
				04B7D9791EC7D673000CB90A /* Back Top Btn@3x.png */,
				046AB1351EC93529009AC07F /* Delete Button.png */,
				046AB1361EC93529009AC07F /* Delete Button@2x.png */,
				046AB1371EC93529009AC07F /* Delete Button@3x.png */,
				04B7D9D11EC7DFD4000CB90A /* Info Btn.png */,
				04B7DA131EC8104D000CB90A /* Save Button.png */,
				04B7DA141EC8104D000CB90A /* Save Button@2x.png */,
				04B7DA151EC8104D000CB90A /* Save Button@3x.png */,
				04B7DA071EC80989000CB90A /* Pause Record.png */,
				04B7DA0D1EC81042000CB90A /* Next Button.png */,
				04B7DA0E1EC81042000CB90A /* Next Button@2x.png */,
				04B7DA0F1EC81042000CB90A /* Next Button@3x.png */,
				04B7DA081EC80989000CB90A /* Pause Record@2x.png */,
				04B7DA091EC80989000CB90A /* Pause Record@3x.png */,
				04B7DA011EC8097D000CB90A /* Reset Record.png */,
				04B7DA021EC8097D000CB90A /* Reset Record@2x.png */,
				04B7DA031EC8097D000CB90A /* Reset Record@3x.png */,
				04B7D9D21EC7DFD4000CB90A /* Info Btn@2x.png */,
				04B7D9D31EC7DFD4000CB90A /* Info Btn@3x.png */,
				04B7D97A1EC7D673000CB90A /* Hint Btn.png */,
				04B7D97B1EC7D673000CB90A /* Hint Btn@2x.png */,
				04B7D97C1EC7D673000CB90A /* Hint Btn@3x.png */,
				04B7D97D1EC7D673000CB90A /* Logo Sm.png */,
				04B7D97E1EC7D673000CB90A /* Logo Sm@2x.png */,
				04B7D97F1EC7D673000CB90A /* Logo Sm@3x.png */,
				04B7D9CB1EC7DA46000CB90A /* Quick Guide Btn.png */,
				04B7D9CC1EC7DA46000CB90A /* Quick Guide Btn@2x.png */,
				04B7D9CD1EC7DA46000CB90A /* Quick Guide Btn@3x.png */,
				04B7D9801EC7D673000CB90A /* Next Topic Btn.png */,
				04B7D9C51EC7DA3D000CB90A /* Settings Btn@1x.png */,
				04B7D9C61EC7DA3D000CB90A /* Settings Btn@2x.png */,
				04B7D9C71EC7DA3D000CB90A /* Settings Btn@3x.png */,
				04B7D9811EC7D673000CB90A /* Next Topic Btn@2x.png */,
				04B7D9821EC7D673000CB90A /* Next Topic Btn@3x.png */,
				04B7D9831EC7D673000CB90A /* Preferences Top Btn.png */,
				04B7D9841EC7D673000CB90A /* Preferences Top Btn@2x.png */,
				04B7D9851EC7D673000CB90A /* Preferences Top Btn@3x.png */,
				04B7D9BF1EC7DA2D000CB90A /* Proceed Btn.png */,
				04B7D9E91EC806A1000CB90A /* Resume Time.png */,
				04B7D9EA1EC806A1000CB90A /* Resume Time@2x.png */,
				04B7D9EB1EC806A1000CB90A /* Resume Time@3x.png */,
				04B7D9C01EC7DA2D000CB90A /* Proceed Btn@2x.png */,
				04B7D9EF1EC806A7000CB90A /* Save Record Btn.png */,
				04B7D9F01EC806A7000CB90A /* Save Record Btn@2x.png */,
				04B7D9F11EC806A7000CB90A /* Save Record Btn@3x.png */,
				04B7D9E31EC80697000CB90A /* Play Record Btn.png */,
				04B7D9E41EC80697000CB90A /* Play Record Btn@2x.png */,
				04B7D9E51EC80697000CB90A /* Play Record Btn@3x.png */,
				04B7D9C11EC7DA2D000CB90A /* Proceed Btn@3x.png */,
				04B7D9861EC7D673000CB90A /* Record Btn.png */,
				04B7D9DD1EC80690000CB90A /* Pause Play Record Btn.png */,
				04B7D9DE1EC80690000CB90A /* Pause Play Record Btn@2x.png */,
				04B7D9F51EC80719000CB90A /* Stop Record.png */,
				04B7D9F61EC80719000CB90A /* Stop Record@2x.png */,
				04B7D9FB1EC80729000CB90A /* Blue Record.png */,
				04B7D9FC1EC80729000CB90A /* Blue Record@2x.png */,
				04B7D9FD1EC80729000CB90A /* Blue Record@3x.png */,
				04B7D9F71EC80719000CB90A /* Stop Record@3x.png */,
				04B7D9DF1EC80690000CB90A /* Pause Play Record Btn@3x.png */,
				04B7D9871EC7D673000CB90A /* Record Btn@2x.png */,
				04B7D9881EC7D673000CB90A /* Record Btn@3x.png */,
				04B7D9891EC7D673000CB90A /* Record Red.png */,
				04B7D98A1EC7D673000CB90A /* Record Red@2x.png */,
				04B7D98B1EC7D673000CB90A /* Record Red@3x.png */,
				04B7D98C1EC7D673000CB90A /* Resume Time.png */,
				04B7D98D1EC7D673000CB90A /* Resume Time@2x.png */,
				04B7D98E1EC7D673000CB90A /* Resume Time@3x.png */,
				04B7D98F1EC7D673000CB90A /* Settings Top Btn.png */,
				04B7D9901EC7D673000CB90A /* Settings Top Btn@2x.png */,
				04B7D9911EC7D673000CB90A /* Settings Top Btn@3x.png */,
				04B7D9921EC7D673000CB90A /* Start Btn.png */,
				04B7D9931EC7D673000CB90A /* Start Btn@2x.png */,
				04B7D9941EC7D673000CB90A /* Start Btn@3x.png */,
				04B7D9951EC7D673000CB90A /* Stop Record.png */,
				04B7D9961EC7D673000CB90A /* Stop Record@2x.png */,
				04B7D9971EC7D673000CB90A /* Stop Record@3x.png */,
				04B7D9981EC7D673000CB90A /* Topic View.png */,
				04B7D9991EC7D673000CB90A /* Topic View@2x.png */,
				04B7D99A1EC7D673000CB90A /* Topic View@3x.png */,
			);
			sourceTree = "<group>";
		};
		04FAB5141EC3D7FB00189FB5 /* Products */ = {
			isa = PBXGroup;
			children = (
				04FAB5131EC3D7FB00189FB5 /* ImpromptuMaster.app */,
			);
			name = Products;
			sourceTree = "<group>";
		};
		04FAB5151EC3D7FB00189FB5 /* ImpromptuMaster */ = {
			isa = PBXGroup;
			children = (
				04FAB5161EC3D7FB00189FB5 /* AppDelegate.swift */,
				04FAB5181EC3D7FB00189FB5 /* ViewController.swift */,
				04B7D9D71EC7E96D000CB90A /* StartViewController.swift */,
				04B7D9D91EC7EA9D000CB90A /* InitialViewController.swift */,
				04FAB51A1EC3D7FB00189FB5 /* Main.storyboard */,
				049637811ECE482500A284A5 /* TimerViewController.swift */,
				049637711ECC348600A284A5 /* HintPopupViewController.swift */,
				04D7DD9B1ECC03DE00A862BE /* SettingsViewController.swift */,
				046AB1431ECA5BF3009AC07F /* PlayAndSaveViewController.swift */,
				046AB1411EC949B1009AC07F /* PlayerViewController.swift */,
				046AB1311EC8F420009AC07F /* SavedRecViewController.swift */,
				04B7DA191EC81247000CB90A /* RecordViewController.swift */,
				04FAB5201EC3D7FB00189FB5 /* Assets.xcassets */,
				04FAB5221EC3D7FB00189FB5 /* LaunchScreen.storyboard */,
				04BF6E4B1EC63E4700FD6BDF /* TopicTableViewCell.swift */,
				04B7D9DB1EC7F3E5000CB90A /* KDCircularProgress.swift */,
				046AB1331EC8FBD2009AC07F /* RecordTableViewCell.swift */,
				04FAB5251EC3D7FB00189FB5 /* Info.plist */,
				04D0E33D1ED661E100929A00 /* topicsdata.csv */,
				04FAB51D1EC3D7FB00189FB5 /* ImpromptuMaster.xcdatamodeld */,
			);
			path = ImpromptuMaster;
			sourceTree = "<group>";
		};
/* End PBXGroup section */

/* Begin PBXNativeTarget section */
		04FAB5121EC3D7FB00189FB5 /* ImpromptuMaster */ = {
			isa = PBXNativeTarget;
			buildConfigurationList = 04FAB5281EC3D7FB00189FB5 /* Build configuration list for PBXNativeTarget "ImpromptuMaster" */;
			buildPhases = (
				04FAB50F1EC3D7FB00189FB5 /* Sources */,
				04FAB5101EC3D7FB00189FB5 /* Frameworks */,
				04FAB5111EC3D7FB00189FB5 /* Resources */,
			);
			buildRules = (
			);
			dependencies = (
			);
			name = ImpromptuMaster;
			productName = ImpromptuMaster;
			productReference = 04FAB5131EC3D7FB00189FB5 /* ImpromptuMaster.app */;
			productType = "com.apple.product-type.application";
		};
/* End PBXNativeTarget section */

/* Begin PBXProject section */
		04FAB50B1EC3D7FB00189FB5 /* Project object */ = {
			isa = PBXProject;
			attributes = {
				LastSwiftUpdateCheck = 0820;
				LastUpgradeCheck = 0820;
				ORGANIZATIONNAME = Mac;
				TargetAttributes = {
					04FAB5121EC3D7FB00189FB5 = {
						CreatedOnToolsVersion = 8.2.1;
						LastSwiftMigration = 0820;
						ProvisioningStyle = Automatic;
					};
				};
			};
			buildConfigurationList = 04FAB50E1EC3D7FB00189FB5 /* Build configuration list for PBXProject "ImpromptuMaster" */;
			compatibilityVersion = "Xcode 3.2";
			developmentRegion = English;
			hasScannedForEncodings = 0;
			knownRegions = (
				en,
				Base,
			);
			mainGroup = 04FAB50A1EC3D7FB00189FB5;
			productRefGroup = 04FAB5141EC3D7FB00189FB5 /* Products */;
			projectDirPath = "";
			projectRoot = "";
			targets = (
				04FAB5121EC3D7FB00189FB5 /* ImpromptuMaster */,
			);
		};
/* End PBXProject section */

/* Begin PBXResourcesBuildPhase section */
		04FAB5111EC3D7FB00189FB5 /* Resources */ = {
			isa = PBXResourcesBuildPhase;
			buildActionMask = 2147483647;
			files = (
				04B7D9B41EC7D673000CB90A /* Settings Top Btn@2x.png in Resources */,
				04B7D9BB1EC7D673000CB90A /* Stop Record@3x.png in Resources */,
				04B7D9A41EC7D673000CB90A /* Next Topic Btn.png in Resources */,
				04B7D9BC1EC7D673000CB90A /* Topic View.png in Resources */,
				049637701ECC330B00A284A5 /* Hint View@3x.png in Resources */,
				04B7D9B01EC7D673000CB90A /* Resume Time.png in Resources */,
				04B7D9F81EC80719000CB90A /* Stop Record.png in Resources */,
				04B7D9C31EC7DA2D000CB90A /* Proceed Btn@2x.png in Resources */,
				04B7DA171EC8104D000CB90A /* Save Button@2x.png in Resources */,
				04D7DD8C1ECBDE3500A862BE /* checkedcheckbox.png in Resources */,
				0496377F1ECE480200A284A5 /* Light Blue Timer Btn@2x.png in Resources */,
				04D7DD8B1ECBDE3500A862BE /* checkbox@3x.png in Resources */,
				04B7D9F31EC806A7000CB90A /* Save Record Btn@2x.png in Resources */,
				04B7D9A31EC7D673000CB90A /* Logo Sm@3x.png in Resources */,
				046AB12F1EC8EC95009AC07F /* graybg@2x.png in Resources */,
				043739D41ECAD91500443C95 /* Start Blue Btn.png in Resources */,
				04B7D9AD1EC7D673000CB90A /* Record Red.png in Resources */,
				0496377E1ECE480200A284A5 /* Light Blue Timer Btn.png in Resources */,
				04B7DA111EC81042000CB90A /* Next Button@2x.png in Resources */,
				04B7D9AA1EC7D673000CB90A /* Record Btn.png in Resources */,
				04B7D9D01EC7DA46000CB90A /* Quick Guide Btn@3x.png in Resources */,
				0496376E1ECC330B00A284A5 /* Hint View@1x.png in Resources */,
				046AB1391EC93529009AC07F /* Delete Button@2x.png in Resources */,
				04B7D9B81EC7D673000CB90A /* Start Btn@3x.png in Resources */,
				04B7D99D1EC7D673000CB90A /* Back Top Btn@3x.png in Resources */,
				04B7DA121EC81042000CB90A /* Next Button@3x.png in Resources */,
				04B7D9CE1EC7DA46000CB90A /* Quick Guide Btn.png in Resources */,
				04B7D9FF1EC80729000CB90A /* Blue Record@2x.png in Resources */,
				049637681ECC32BF00A284A5 /* Hint View@1x.png in Resources */,
				04B7D9E81EC80697000CB90A /* Play Record Btn@3x.png in Resources */,
				04B7D9E01EC80690000CB90A /* Pause Play Record Btn.png in Resources */,
				04B7D96D1EC7D28B000CB90A /* Logo Lg@3x.png in Resources */,
				04B7D9EC1EC806A1000CB90A /* Resume Time.png in Resources */,
				04B7D9ED1EC806A1000CB90A /* Resume Time@2x.png in Resources */,
				043739DB1ECAD92600443C95 /* Go Red Btn@2x.png in Resources */,
				04B7D9E71EC80697000CB90A /* Play Record Btn@2x.png in Resources */,
				049637781ECE426600A284A5 /* Timer Btn.png in Resources */,
				04B7DA0C1EC80989000CB90A /* Pause Record@3x.png in Resources */,
				04B7D9BA1EC7D673000CB90A /* Stop Record@2x.png in Resources */,
				04B7DA181EC8104D000CB90A /* Save Button@3x.png in Resources */,
				04B7D9D41EC7DFD4000CB90A /* Info Btn.png in Resources */,
				04B7D9A01EC7D673000CB90A /* Hint Btn@3x.png in Resources */,
				04D0E33E1ED661E100929A00 /* topicsdata.csv in Resources */,
				04B7D99E1EC7D673000CB90A /* Hint Btn.png in Resources */,
				04D7DD8D1ECBDE3500A862BE /* checkedcheckbox@2x.png in Resources */,
				049637801ECE480200A284A5 /* Light Blue Timer Btn@3x.png in Resources */,
				04B7D9BD1EC7D673000CB90A /* Topic View@2x.png in Resources */,
				04B7D9D61EC7DFD4000CB90A /* Info Btn@3x.png in Resources */,
				046AB12E1EC8EC95009AC07F /* graybg@1x.png in Resources */,
				04B7D9AC1EC7D673000CB90A /* Record Btn@3x.png in Resources */,
				049637641ECC328800A284A5 /* Close Btn@3x.png in Resources */,
				043739DC1ECAD92600443C95 /* Go Red Btn@3x.png in Resources */,
				046AB13F1EC94865009AC07F /* Light Blue Play Record Btn@2x.png in Resources */,
				0496376F1ECC330B00A284A5 /* Hint View@2x.png in Resources */,
				04B7D9E21EC80690000CB90A /* Pause Play Record Btn@3x.png in Resources */,
				04B7D9FA1EC80719000CB90A /* Stop Record@3x.png in Resources */,
				04B7D9B71EC7D673000CB90A /* Start Btn@2x.png in Resources */,
				04B7D9EE1EC806A1000CB90A /* Resume Time@3x.png in Resources */,
				046AB1301EC8EC95009AC07F /* graybg@3x.png in Resources */,
				04B7D9C21EC7DA2D000CB90A /* Proceed Btn.png in Resources */,
				04B7D99C1EC7D673000CB90A /* Back Top Btn@2x.png in Resources */,
				04B7D9A11EC7D673000CB90A /* Logo Sm.png in Resources */,
				04B7D9F21EC806A7000CB90A /* Save Record Btn.png in Resources */,
				04B7D9A81EC7D673000CB90A /* Preferences Top Btn@2x.png in Resources */,
				04FAB5241EC3D7FB00189FB5 /* LaunchScreen.storyboard in Resources */,
				04B7DA161EC8104D000CB90A /* Save Button.png in Resources */,
				04FAB5211EC3D7FB00189FB5 /* Assets.xcassets in Resources */,
				046AB13A1EC93529009AC07F /* Delete Button@3x.png in Resources */,
				04B7DA041EC8097D000CB90A /* Reset Record.png in Resources */,
				04B7DA051EC8097D000CB90A /* Reset Record@2x.png in Resources */,
				04B7D9B61EC7D673000CB90A /* Start Btn.png in Resources */,
				049637631ECC328800A284A5 /* Close Btn@2x.png in Resources */,
				04B7DA061EC8097D000CB90A /* Reset Record@3x.png in Resources */,
				04B7D9CA1EC7DA3D000CB90A /* Settings Btn@3x.png in Resources */,
				04D7DD981ECBDE4800A862BE /* uncheckedSwitch.png in Resources */,
				04B7D9AB1EC7D673000CB90A /* Record Btn@2x.png in Resources */,
				04D7DD8A1ECBDE3500A862BE /* checkbox@2x.png in Resources */,
				04B7D9BE1EC7D673000CB90A /* Topic View@3x.png in Resources */,
				04B7DA0A1EC80989000CB90A /* Pause Record.png in Resources */,
				0496377A1ECE426600A284A5 /* Timer Btn@3x.png in Resources */,
				04B7D9E61EC80697000CB90A /* Play Record Btn.png in Resources */,
				04D7DD921ECBDE3C00A862BE /* checkedSwitch.png in Resources */,
				04B7D9CF1EC7DA46000CB90A /* Quick Guide Btn@2x.png in Resources */,
				04B7D9AE1EC7D673000CB90A /* Record Red@2x.png in Resources */,
				04FAB51C1EC3D7FB00189FB5 /* Main.storyboard in Resources */,
				04B7D9A71EC7D673000CB90A /* Preferences Top Btn.png in Resources */,
				04B7D9A21EC7D673000CB90A /* Logo Sm@2x.png in Resources */,
				0496376A1ECC32BF00A284A5 /* Hint View@3x.png in Resources */,
				04B7D9C81EC7DA3D000CB90A /* Settings Btn@1x.png in Resources */,
				043739DA1ECAD92600443C95 /* Go Red Btn.png in Resources */,
				04D7DD8E1ECBDE3500A862BE /* checkedcheckbox@3x.png in Resources */,
				04B7D96A1EC7D28B000CB90A /* br1@3x.png in Resources */,
				049637691ECC32BF00A284A5 /* Hint View@2x.png in Resources */,
				04B7D9B11EC7D673000CB90A /* Resume Time@2x.png in Resources */,
				04B7D9691EC7D28B000CB90A /* br1@2x.png in Resources */,
				04B7D9B91EC7D673000CB90A /* Stop Record.png in Resources */,
				04D7DD991ECBDE4800A862BE /* uncheckedSwitch@2x.png in Resources */,
				04B7D9D51EC7DFD4000CB90A /* Info Btn@2x.png in Resources */,
				04D7DD931ECBDE3C00A862BE /* checkedSwitch@2x.png in Resources */,
				04B7D96C1EC7D28B000CB90A /* Logo Lg@2x.png in Resources */,
				04B7D9B51EC7D673000CB90A /* Settings Top Btn@3x.png in Resources */,
				04B7D9F41EC806A7000CB90A /* Save Record Btn@3x.png in Resources */,
				04B7D99B1EC7D673000CB90A /* Back Top Btn@1x.png in Resources */,
				049637621ECC328800A284A5 /* Close Btn.png in Resources */,
				04B7D9E11EC80690000CB90A /* Pause Play Record Btn@2x.png in Resources */,
				04B7D9F91EC80719000CB90A /* Stop Record@2x.png in Resources */,
				04B7D9A51EC7D673000CB90A /* Next Topic Btn@2x.png in Resources */,
				04B7D99F1EC7D673000CB90A /* Hint Btn@2x.png in Resources */,
				04B7D9B31EC7D673000CB90A /* Settings Top Btn.png in Resources */,
				04B7D9AF1EC7D673000CB90A /* Record Red@3x.png in Resources */,
				04B7DA001EC80729000CB90A /* Blue Record@3x.png in Resources */,
				04B7D9A61EC7D673000CB90A /* Next Topic Btn@3x.png in Resources */,
				04B7D96B1EC7D28B000CB90A /* Logo Lg@1x.png in Resources */,
				046AB13E1EC94865009AC07F /* Light Blue Play Record Btn.png in Resources */,
				049637791ECE426600A284A5 /* Timer Btn@2x.png in Resources */,
				04B7D9A91EC7D673000CB90A /* Preferences Top Btn@3x.png in Resources */,
				046AB1401EC94865009AC07F /* Light Blue Play Record Btn@3x.png in Resources */,
				04B7D9C41EC7DA2D000CB90A /* Proceed Btn@3x.png in Resources */,
				04D7DD891ECBDE3500A862BE /* checkbox.png in Resources */,
				04B7D9681EC7D28B000CB90A /* br1@1x.png in Resources */,
				04B7D9FE1EC80729000CB90A /* Blue Record.png in Resources */,
				04B7DA101EC81042000CB90A /* Next Button.png in Resources */,
				04B7D9C91EC7DA3D000CB90A /* Settings Btn@2x.png in Resources */,
				04D7DD9A1ECBDE4800A862BE /* uncheckedSwitch@3x.png in Resources */,
				04B7D9B21EC7D673000CB90A /* Resume Time@3x.png in Resources */,
				04D7DD941ECBDE3C00A862BE /* checkedSwitch@3x.png in Resources */,
				04B7DA0B1EC80989000CB90A /* Pause Record@2x.png in Resources */,
				043739D61ECAD91500443C95 /* Start Blue Btn@3x.png in Resources */,
				046AB1381EC93529009AC07F /* Delete Button.png in Resources */,
				043739D51ECAD91500443C95 /* Start Blue Btn@2x.png in Resources */,
			);
			runOnlyForDeploymentPostprocessing = 0;
		};
/* End PBXResourcesBuildPhase section */

/* Begin PBXSourcesBuildPhase section */
		04FAB50F1EC3D7FB00189FB5 /* Sources */ = {
			isa = PBXSourcesBuildPhase;
			buildActionMask = 2147483647;
			files = (
				04B7D9D81EC7E96D000CB90A /* StartViewController.swift in Sources */,
				04FAB5191EC3D7FB00189FB5 /* ViewController.swift in Sources */,
				04BF6E4C1EC63E4700FD6BDF /* TopicTableViewCell.swift in Sources */,
				04B7DA1A1EC81247000CB90A /* RecordViewController.swift in Sources */,
				046AB1321EC8F420009AC07F /* SavedRecViewController.swift in Sources */,
				04B7D9DA1EC7EA9D000CB90A /* InitialViewController.swift in Sources */,
				04FAB5171EC3D7FB00189FB5 /* AppDelegate.swift in Sources */,
				04FAB51F1EC3D7FB00189FB5 /* ImpromptuMaster.xcdatamodeld in Sources */,
				046AB1341EC8FBD2009AC07F /* RecordTableViewCell.swift in Sources */,
				046AB1441ECA5BF3009AC07F /* PlayAndSaveViewController.swift in Sources */,
				049637821ECE482500A284A5 /* TimerViewController.swift in Sources */,
				049637721ECC348600A284A5 /* HintPopupViewController.swift in Sources */,
				04D7DD9C1ECC03DE00A862BE /* SettingsViewController.swift in Sources */,
				046AB1421EC949B1009AC07F /* PlayerViewController.swift in Sources */,
				04B7D9DC1EC7F3E5000CB90A /* KDCircularProgress.swift in Sources */,
			);
			runOnlyForDeploymentPostprocessing = 0;
		};
/* End PBXSourcesBuildPhase section */

/* Begin PBXVariantGroup section */
		04FAB51A1EC3D7FB00189FB5 /* Main.storyboard */ = {
			isa = PBXVariantGroup;
			children = (
				04FAB51B1EC3D7FB00189FB5 /* Base */,
			);
			name = Main.storyboard;
			sourceTree = "<group>";
		};
		04FAB5221EC3D7FB00189FB5 /* LaunchScreen.storyboard */ = {
			isa = PBXVariantGroup;
			children = (
				04FAB5231EC3D7FB00189FB5 /* Base */,
			);
			name = LaunchScreen.storyboard;
			sourceTree = "<group>";
		};
/* End PBXVariantGroup section */

/* Begin XCBuildConfiguration section */
		04FAB5261EC3D7FB00189FB5 /* Debug */ = {
			isa = XCBuildConfiguration;
			buildSettings = {
				ALWAYS_SEARCH_USER_PATHS = NO;
				CLANG_ANALYZER_NONNULL = YES;
				CLANG_CXX_LANGUAGE_STANDARD = "gnu++0x";
				CLANG_CXX_LIBRARY = "libc++";
				CLANG_ENABLE_MODULES = YES;
				CLANG_ENABLE_OBJC_ARC = YES;
				CLANG_WARN_BOOL_CONVERSION = YES;
				CLANG_WARN_CONSTANT_CONVERSION = YES;
				CLANG_WARN_DIRECT_OBJC_ISA_USAGE = YES_ERROR;
				CLANG_WARN_DOCUMENTATION_COMMENTS = YES;
				CLANG_WARN_EMPTY_BODY = YES;
				CLANG_WARN_ENUM_CONVERSION = YES;
				CLANG_WARN_INFINITE_RECURSION = YES;
				CLANG_WARN_INT_CONVERSION = YES;
				CLANG_WARN_OBJC_ROOT_CLASS = YES_ERROR;
				CLANG_WARN_SUSPICIOUS_MOVE = YES;
				CLANG_WARN_UNREACHABLE_CODE = YES;
				CLANG_WARN__DUPLICATE_METHOD_MATCH = YES;
				"CODE_SIGN_IDENTITY[sdk=iphoneos*]" = "iPhone Developer";
				COPY_PHASE_STRIP = NO;
				DEBUG_INFORMATION_FORMAT = dwarf;
				ENABLE_STRICT_OBJC_MSGSEND = YES;
				ENABLE_TESTABILITY = YES;
				GCC_C_LANGUAGE_STANDARD = gnu99;
				GCC_DYNAMIC_NO_PIC = NO;
				GCC_NO_COMMON_BLOCKS = YES;
				GCC_OPTIMIZATION_LEVEL = 0;
				GCC_PREPROCESSOR_DEFINITIONS = (
					"DEBUG=1",
					"$(inherited)",
				);
				GCC_WARN_64_TO_32_BIT_CONVERSION = YES;
				GCC_WARN_ABOUT_RETURN_TYPE = YES_ERROR;
				GCC_WARN_UNDECLARED_SELECTOR = YES;
				GCC_WARN_UNINITIALIZED_AUTOS = YES_AGGRESSIVE;
				GCC_WARN_UNUSED_FUNCTION = YES;
				GCC_WARN_UNUSED_VARIABLE = YES;
				IPHONEOS_DEPLOYMENT_TARGET = 10.2;
				MTL_ENABLE_DEBUG_INFO = YES;
				ONLY_ACTIVE_ARCH = YES;
				SDKROOT = iphoneos;
				SWIFT_ACTIVE_COMPILATION_CONDITIONS = DEBUG;
				SWIFT_OPTIMIZATION_LEVEL = "-Onone";
			};
			name = Debug;
		};
		04FAB5271EC3D7FB00189FB5 /* Release */ = {
			isa = XCBuildConfiguration;
			buildSettings = {
				ALWAYS_SEARCH_USER_PATHS = NO;
				CLANG_ANALYZER_NONNULL = YES;
				CLANG_CXX_LANGUAGE_STANDARD = "gnu++0x";
				CLANG_CXX_LIBRARY = "libc++";
				CLANG_ENABLE_MODULES = YES;
				CLANG_ENABLE_OBJC_ARC = YES;
				CLANG_WARN_BOOL_CONVERSION = YES;
				CLANG_WARN_CONSTANT_CONVERSION = YES;
				CLANG_WARN_DIRECT_OBJC_ISA_USAGE = YES_ERROR;
				CLANG_WARN_DOCUMENTATION_COMMENTS = YES;
				CLANG_WARN_EMPTY_BODY = YES;
				CLANG_WARN_ENUM_CONVERSION = YES;
				CLANG_WARN_INFINITE_RECURSION = YES;
				CLANG_WARN_INT_CONVERSION = YES;
				CLANG_WARN_OBJC_ROOT_CLASS = YES_ERROR;
				CLANG_WARN_SUSPICIOUS_MOVE = YES;
				CLANG_WARN_UNREACHABLE_CODE = YES;
				CLANG_WARN__DUPLICATE_METHOD_MATCH = YES;
				"CODE_SIGN_IDENTITY[sdk=iphoneos*]" = "iPhone Developer";
				COPY_PHASE_STRIP = NO;
				DEBUG_INFORMATION_FORMAT = "dwarf-with-dsym";
				ENABLE_NS_ASSERTIONS = NO;
				ENABLE_STRICT_OBJC_MSGSEND = YES;
				GCC_C_LANGUAGE_STANDARD = gnu99;
				GCC_NO_COMMON_BLOCKS = YES;
				GCC_WARN_64_TO_32_BIT_CONVERSION = YES;
				GCC_WARN_ABOUT_RETURN_TYPE = YES_ERROR;
				GCC_WARN_UNDECLARED_SELECTOR = YES;
				GCC_WARN_UNINITIALIZED_AUTOS = YES_AGGRESSIVE;
				GCC_WARN_UNUSED_FUNCTION = YES;
				GCC_WARN_UNUSED_VARIABLE = YES;
				IPHONEOS_DEPLOYMENT_TARGET = 10.2;
				MTL_ENABLE_DEBUG_INFO = NO;
				SDKROOT = iphoneos;
				SWIFT_OPTIMIZATION_LEVEL = "-Owholemodule";
				VALIDATE_PRODUCT = YES;
			};
			name = Release;
		};
		04FAB5291EC3D7FB00189FB5 /* Debug */ = {
			isa = XCBuildConfiguration;
			buildSettings = {
				ASSETCATALOG_COMPILER_APPICON_NAME = AppIcon;
				INFOPLIST_FILE = ImpromptuMaster/Info.plist;
				LD_RUNPATH_SEARCH_PATHS = "$(inherited) @executable_path/Frameworks";
				PRODUCT_BUNDLE_IDENTIFIER = com.fineartsilks.myWorks.ImpromptuMaster;
				PRODUCT_NAME = "$(TARGET_NAME)";
				SWIFT_VERSION = 3.0;
			};
			name = Debug;
		};
		04FAB52A1EC3D7FB00189FB5 /* Release */ = {
			isa = XCBuildConfiguration;
			buildSettings = {
				ASSETCATALOG_COMPILER_APPICON_NAME = AppIcon;
				INFOPLIST_FILE = ImpromptuMaster/Info.plist;
				LD_RUNPATH_SEARCH_PATHS = "$(inherited) @executable_path/Frameworks";
				PRODUCT_BUNDLE_IDENTIFIER = com.fineartsilks.myWorks.ImpromptuMaster;
				PRODUCT_NAME = "$(TARGET_NAME)";
				SWIFT_VERSION = 3.0;
			};
			name = Release;
		};
/* End XCBuildConfiguration section */

/* Begin XCConfigurationList section */
		04FAB50E1EC3D7FB00189FB5 /* Build configuration list for PBXProject "ImpromptuMaster" */ = {
			isa = XCConfigurationList;
			buildConfigurations = (
				04FAB5261EC3D7FB00189FB5 /* Debug */,
				04FAB5271EC3D7FB00189FB5 /* Release */,
			);
			defaultConfigurationIsVisible = 0;
			defaultConfigurationName = Release;
		};
		04FAB5281EC3D7FB00189FB5 /* Build configuration list for PBXNativeTarget "ImpromptuMaster" */ = {
			isa = XCConfigurationList;
			buildConfigurations = (
				04FAB5291EC3D7FB00189FB5 /* Debug */,
				04FAB52A1EC3D7FB00189FB5 /* Release */,
			);
			defaultConfigurationIsVisible = 0;
			defaultConfigurationName = Release;
		};
/* End XCConfigurationList section */

/* Begin XCVersionGroup section */
		04FAB51D1EC3D7FB00189FB5 /* ImpromptuMaster.xcdatamodeld */ = {
			isa = XCVersionGroup;
			children = (
				04FAB51E1EC3D7FB00189FB5 /* ImpromptuMaster.xcdatamodel */,
			);
			currentVersion = 04FAB51E1EC3D7FB00189FB5 /* ImpromptuMaster.xcdatamodel */;
			path = ImpromptuMaster.xcdatamodeld;
			sourceTree = "<group>";
			versionGroupType = wrapper.xcdatamodel;
		};
/* End XCVersionGroup section */
	};
	rootObject = 04FAB50B1EC3D7FB00189FB5 /* Project object */;
}
